schemaVersion: 1
platformVersion: 0.1.4
registry: ghcr.io/niftel
components:
  api:
    image: praetor-api
    version: 0.1.4
    digest: sha256:90d7f9d53b87ee22cfb83e1f7faa16fb70d5b3520a23c05569c99b4ccbaf544f
  consumer:
    image: praetor-consumer
    version: 0.1.1
    digest: sha256:d91d79fd5982577160c880cd7e7ff9f6954102fa19e2528a2f27295d86959d86
  executor:
    image: praetor-executor
    version: 0.1.3
    digest: sha256:131ad85a4322615b6911bc535cee38fc499e261ed2bde086212f5943cdbc1e12
  ingestion:
    image: praetor-ingestion
    version: 0.1.2
    digest: sha256:4cda7ed37890038e6f086659a8e2863a0b9d9a6f4791ce51d24e8eb9f5a0b28b
  migrator:
    image: praetor-migrator
    version: 0.1.4
    digest: sha256:0f95acd406beec480d0b46388822acdcb9c0bb6be9a9c8e58b10044fb23570ee
  reconciler:
    image: praetor-reconciler
    version: 0.1.0
    digest: sha256:6f926f3f8b9614b6ca78913334a120bbb650b50d3f4ec4f8c23bd77ab459d620
  scheduler:
    image: praetor-scheduler
    version: 0.1.5
    digest: sha256:4762b2bee1e00d26dde9613153b7fe6015c10e7b897131e50f47e480a514f9e3
  ui:
    image: praetor-ui
    version: 0.1.4
    digest: sha256:98c570d25d5b98866fec5df87505a0f53fcb2a190fa61d5345452a897868afa8
