schemaVersion: 1
platformVersion: 0.1.2
registry: ghcr.io/niftel
components:
  api:
    image: praetor-api
    version: 0.1.2
    digest: sha256:a5e98b510b27595b4629464ce6eaee68e6fcbb147c195e141253da502ab05612
  consumer:
    image: praetor-consumer
    version: 0.1.1
    digest: sha256:d91d79fd5982577160c880cd7e7ff9f6954102fa19e2528a2f27295d86959d86
  executor:
    image: praetor-executor
    version: 0.1.1
    digest: sha256:d732a37a241f5389d5da94315783cfdc0aa0d0cad2155f279b15353a6426d9cf
  ingestion:
    image: praetor-ingestion
    version: 0.1.1
    digest: sha256:966a45f5fabcbe653f835130a898dbfa7a4b1130a32004c309f94d5dd66bddbd
  migrator:
    image: praetor-migrator
    version: 0.1.2
    digest: sha256:1e11abac7c710b03f8da81737e0ca7793f31b3947ffa5d0fc1619ec4610d95f8
  reconciler:
    image: praetor-reconciler
    version: 0.1.0
    digest: sha256:6f926f3f8b9614b6ca78913334a120bbb650b50d3f4ec4f8c23bd77ab459d620
  scheduler:
    image: praetor-scheduler
    version: 0.1.2
    digest: sha256:68b0d0fb8a7a879a4d68068eef1899f21b49ce3ecde9501a8012b9f16fe3f985
  ui:
    image: praetor-ui
    version: 0.1.2
    digest: sha256:b0ce7d3d737c09e40bcea6c856d80ae45ccc15f231552049d6dc3a8deafef67d
